
Microsoft Visual Studio Solution File, Format Version 12.00
# Visual Studio Version 17
VisualStudioVersion = 17.14.36203.30 d17.14
MinimumVisualStudioVersion = 10.0.40219.1
Project("{FAE04EC0-301F-11D3-BF4B-00C04F79EFBC}") = "praktika13", "praktika13\praktika13.csproj", "{D0B299D7-A8C5-485D-8605-857E825F0FCB}"
EndProject
Global
	GlobalSection(SolutionConfigurationPlatforms) = preSolution
		Debug|Any CPU = Debug|Any CPU
		Release|Any CPU = Release|Any CPU
	EndGlobalSection
	GlobalSection(ProjectConfigurationPlatforms) = postSolution
		{D0B299D7-A8C5-485D-8605-857E825F0FCB}.Debug|Any CPU.ActiveCfg = Debug|Any CPU
		{D0B299D7-A8C5-485D-8605-857E825F0FCB}.Debug|Any CPU.Build.0 = Debug|Any CPU
		{D0B299D7-A8C5-485D-8605-857E825F0FCB}.Release|Any CPU.ActiveCfg = Release|Any CPU
		{D0B299D7-A8C5-485D-8605-857E825F0FCB}.Release|Any CPU.Build.0 = Release|Any CPU
	EndGlobalSection
	GlobalSection(SolutionProperties) = preSolution
		HideSolutionNode = FALSE
	EndGlobalSection
	GlobalSection(ExtensibilityGlobals) = postSolution
		SolutionGuid = {3EC626E4-9102-4B62-92A1-241779B1AA91}
	EndGlobalSection
EndGlobal
